
Microsoft Visual Studio Solution File, Format Version 12.00
# Visual Studio Version 17
VisualStudioVersion = 17.9.34902.65
MinimumVisualStudioVersion = 10.0.40219.1
Project("{FAE04EC0-301F-11D3-BF4B-00C04F79EFBC}") = "AddBookk", "AddBookk\AddBookk.csproj", "{0BDFA9E4-3CA8-4D8F-8A2F-B41707457C56}"
EndProject
Global
	GlobalSection(SolutionConfigurationPlatforms) = preSolution
		Debug|Any CPU = Debug|Any CPU
		Release|Any CPU = Release|Any CPU
	EndGlobalSection
	GlobalSection(ProjectConfigurationPlatforms) = postSolution
		{0BDFA9E4-3CA8-4D8F-8A2F-B41707457C56}.Debug|Any CPU.ActiveCfg = Debug|Any CPU
		{0BDFA9E4-3CA8-4D8F-8A2F-B41707457C56}.Debug|Any CPU.Build.0 = Debug|Any CPU
		{0BDFA9E4-3CA8-4D8F-8A2F-B41707457C56}.Release|Any CPU.ActiveCfg = Release|Any CPU
		{0BDFA9E4-3CA8-4D8F-8A2F-B41707457C56}.Release|Any CPU.Build.0 = Release|Any CPU
	EndGlobalSection
	GlobalSection(SolutionProperties) = preSolution
		HideSolutionNode = FALSE
	EndGlobalSection
	GlobalSection(ExtensibilityGlobals) = postSolution
		SolutionGuid = {167720ED-581C-4E85-A5FF-55ACABF1FCEA}
	EndGlobalSection
EndGlobal
